
Microsoft Visual Studio Solution File, Format Version 12.00
# Visual Studio Version 16
VisualStudioVersion = 16.0.30309.148
MinimumVisualStudioVersion = 10.0.40219.1
Project("{FAE04EC0-301F-11D3-BF4B-00C04F79EFBC}") = "postfixCalculator", "postfixCalculator.csproj", "{2A4AB378-7E9A-4D32-B0D7-6A4CA0BBAD58}"
EndProject
Global
	GlobalSection(SolutionConfigurationPlatforms) = preSolution
		Debug|Any CPU = Debug|Any CPU
		Release|Any CPU = Release|Any CPU
	EndGlobalSection
	GlobalSection(ProjectConfigurationPlatforms) = postSolution
		{2A4AB378-7E9A-4D32-B0D7-6A4CA0BBAD58}.Debug|Any CPU.ActiveCfg = Debug|Any CPU
		{2A4AB378-7E9A-4D32-B0D7-6A4CA0BBAD58}.Debug|Any CPU.Build.0 = Debug|Any CPU
		{2A4AB378-7E9A-4D32-B0D7-6A4CA0BBAD58}.Release|Any CPU.ActiveCfg = Release|Any CPU
		{2A4AB378-7E9A-4D32-B0D7-6A4CA0BBAD58}.Release|Any CPU.Build.0 = Release|Any CPU
	EndGlobalSection
	GlobalSection(SolutionProperties) = preSolution
		HideSolutionNode = FALSE
	EndGlobalSection
	GlobalSection(ExtensibilityGlobals) = postSolution
		SolutionGuid = {26037B27-F09E-4FD2-A177-3D89A8115A1B}
	EndGlobalSection
EndGlobal
